// !$*UTF8*$!
{
	archiveVersion = 1;
	classes = {
	};
	objectVersion = 46;
	objects = {

/* Begin PBXBuildFile section */
		D214213B192526DB00C7CF21 /* Foundation.framework in Frameworks */ = {isa = PBXBuildFile; fileRef = D214213A192526DB00C7CF21 /* Foundation.framework */; };
		D214213D192526DB00C7CF21 /* CoreGraphics.framework in Frameworks */ = {isa = PBXBuildFile; fileRef = D214213C192526DB00C7CF21 /* CoreGraphics.framework */; };
		D214213F192526DB00C7CF21 /* UIKit.framework in Frameworks */ = {isa = PBXBuildFile; fileRef = D214213E192526DB00C7CF21 /* UIKit.framework */; };
		D2142145192526DB00C7CF21 /* InfoPlist.strings in Resources */ = {isa = PBXBuildFile; fileRef = D2142143192526DB00C7CF21 /* InfoPlist.strings */; };
		D2142147192526DB00C7CF21 /* main.m in Sources */ = {isa = PBXBuildFile; fileRef = D2142146192526DB00C7CF21 /* main.m */; };
		D214214B192526DB00C7CF21 /* AppDelegate.m in Sources */ = {isa = PBXBuildFile; fileRef = D214214A192526DB00C7CF21 /* AppDelegate.m */; };
		D214214E192526DB00C7CF21 /* Main.storyboard in Resources */ = {isa = PBXBuildFile; fileRef = D214214C192526DB00C7CF21 /* Main.storyboard */; };
		D2142151192526DB00C7CF21 /* ViewController.m in Sources */ = {isa = PBXBuildFile; fileRef = D2142150192526DB00C7CF21 /* ViewController.m */; };
		D2142153192526DB00C7CF21 /* Images.xcassets in Resources */ = {isa = PBXBuildFile; fileRef = D2142152192526DB00C7CF21 /* Images.xcassets */; };
		D214215A192526DC00C7CF21 /* XCTest.framework in Frameworks */ = {isa = PBXBuildFile; fileRef = D2142159192526DC00C7CF21 /* XCTest.framework */; };
		D214215B192526DC00C7CF21 /* Foundation.framework in Frameworks */ = {isa = PBXBuildFile; fileRef = D214213A192526DB00C7CF21 /* Foundation.framework */; };
		D214215C192526DC00C7CF21 /* UIKit.framework in Frameworks */ = {isa = PBXBuildFile; fileRef = D214213E192526DB00C7CF21 /* UIKit.framework */; };
		D2142164192526DC00C7CF21 /* InfoPlist.strings in Resources */ = {isa = PBXBuildFile; fileRef = D2142162192526DC00C7CF21 /* InfoPlist.strings */; };
		D2142166192526DC00C7CF21 /* VamosTests.m in Sources */ = {isa = PBXBuildFile; fileRef = D2142165192526DC00C7CF21 /* VamosTests.m */; };
/* End PBXBuildFile section */

/* Begin PBXContainerItemProxy section */
		D214215D192526DC00C7CF21 /* PBXContainerItemProxy */ = {
			isa = PBXContainerItemProxy;
			containerPortal = D214212F192526DB00C7CF21 /* Project object */;
			proxyType = 1;
			remoteGlobalIDString = D2142136192526DB00C7CF21;
			remoteInfo = Vamos;
		};
/* End PBXContainerItemProxy section */

/* Begin PBXFileReference section */
		D2142137192526DB00C7CF21 /* Vamos.app */ = {isa = PBXFileReference; explicitFileType = wrapper.application; includeInIndex = 0; path = Vamos.app; sourceTree = BUILT_PRODUCTS_DIR; };
		D214213A192526DB00C7CF21 /* Foundation.framework */ = {isa = PBXFileReference; lastKnownFileType = wrapper.framework; name = Foundation.framework; path = System/Library/Frameworks/Foundation.framework; sourceTree = SDKROOT; };
		D214213C192526DB00C7CF21 /* CoreGraphics.framework */ = {isa = PBXFileReference; lastKnownFileType = wrapper.framework; name = CoreGraphics.framework; path = System/Library/Frameworks/CoreGraphics.framework; sourceTree = SDKROOT; };
		D214213E192526DB00C7CF21 /* UIKit.framework */ = {isa = PBXFileReference; lastKnownFileType = wrapper.framework; name = UIKit.framework; path = System/Library/Frameworks/UIKit.framework; sourceTree = SDKROOT; };
		D2142142192526DB00C7CF21 /* Vamos-Info.plist */ = {isa = PBXFileReference; lastKnownFileType = text.plist.xml; path = "Vamos-Info.plist"; sourceTree = "<group>"; };
		D2142144192526DB00C7CF21 /* en */ = {isa = PBXFileReference; lastKnownFileType = text.plist.strings; name = en; path = en.lproj/InfoPlist.strings; sourceTree = "<group>"; };
		D2142146192526DB00C7CF21 /* main.m */ = {isa = PBXFileReference; lastKnownFileType = sourcecode.c.objc; path = main.m; sourceTree = "<group>"; };
		D2142148192526DB00C7CF21 /* Vamos-Prefix.pch */ = {isa = PBXFileReference; lastKnownFileType = sourcecode.c.h; path = "Vamos-Prefix.pch"; sourceTree = "<group>"; };
		D2142149192526DB00C7CF21 /* AppDelegate.h */ = {isa = PBXFileReference; lastKnownFileType = sourcecode.c.h; path = AppDelegate.h; sourceTree = "<group>"; };
		D214214A192526DB00C7CF21 /* AppDelegate.m */ = {isa = PBXFileReference; lastKnownFileType = sourcecode.c.objc; path = AppDelegate.m; sourceTree = "<group>"; };
		D214214D192526DB00C7CF21 /* Base */ = {isa = PBXFileReference; lastKnownFileType = file.storyboard; name = Base; path = Base.lproj/Main.storyboard; sourceTree = "<group>"; };
		D214214F192526DB00C7CF21 /* ViewController.h */ = {isa = PBXFileReference; lastKnownFileType = sourcecode.c.h; path = ViewController.h; sourceTree = "<group>"; };
		D2142150192526DB00C7CF21 /* ViewController.m */ = {isa = PBXFileReference; lastKnownFileType = sourcecode.c.objc; path = ViewController.m; sourceTree = "<group>"; };
		D2142152192526DB00C7CF21 /* Images.xcassets */ = {isa = PBXFileReference; lastKnownFileType = folder.assetcatalog; path = Images.xcassets; sourceTree = "<group>"; };
		D2142158192526DC00C7CF21 /* VamosTests.xctest */ = {isa = PBXFileReference; explicitFileType = wrapper.cfbundle; includeInIndex = 0; path = VamosTests.xctest; sourceTree = BUILT_PRODUCTS_DIR; };
		D2142159192526DC00C7CF21 /* XCTest.framework */ = {isa = PBXFileReference; lastKnownFileType = wrapper.framework; name = XCTest.framework; path = Library/Frameworks/XCTest.framework; sourceTree = DEVELOPER_DIR; };
		D2142161192526DC00C7CF21 /* VamosTests-Info.plist */ = {isa = PBXFileReference; lastKnownFileType = text.plist.xml; path = "VamosTests-Info.plist"; sourceTree = "<group>"; };
		D2142163192526DC00C7CF21 /* en */ = {isa = PBXFileReference; lastKnownFileType = text.plist.strings; name = en; path = en.lproj/InfoPlist.strings; sourceTree = "<group>"; };
		D2142165192526DC00C7CF21 /* VamosTests.m */ = {isa = PBXFileReference; lastKnownFileType = sourcecode.c.objc; path = VamosTests.m; sourceTree = "<group>"; };
/* End PBXFileReference section */

/* Begin PBXFrameworksBuildPhase section */
		D2142134192526DB00C7CF21 /* Frameworks */ = {
			isa = PBXFrameworksBuildPhase;
			buildActionMask = 2147483647;
			files = (
				D214213D192526DB00C7CF21 /* CoreGraphics.framework in Frameworks */,
				D214213F192526DB00C7CF21 /* UIKit.framework in Frameworks */,
				D214213B192526DB00C7CF21 /* Foundation.framework in Frameworks */,
			);
			runOnlyForDeploymentPostprocessing = 0;
		};
		D2142155192526DC00C7CF21 /* Frameworks */ = {
			isa = PBXFrameworksBuildPhase;
			buildActionMask = 2147483647;
			files = (
				D214215A192526DC00C7CF21 /* XCTest.framework in Frameworks */,
				D214215C192526DC00C7CF21 /* UIKit.framework in Frameworks */,
				D214215B192526DC00C7CF21 /* Foundation.framework in Frameworks */,
			);
			runOnlyForDeploymentPostprocessing = 0;
		};
/* End PBXFrameworksBuildPhase section */

/* Begin PBXGroup section */
		D214212E192526DB00C7CF21 = {
			isa = PBXGroup;
			children = (
				D2142140192526DB00C7CF21 /* Vamos */,
				D214215F192526DC00C7CF21 /* VamosTests */,
				D2142139192526DB00C7CF21 /* Frameworks */,
				D2142138192526DB00C7CF21 /* Products */,
			);
			sourceTree = "<group>";
		};
		D2142138192526DB00C7CF21 /* Products */ = {
			isa = PBXGroup;
			children = (
				D2142137192526DB00C7CF21 /* Vamos.app */,
				D2142158192526DC00C7CF21 /* VamosTests.xctest */,
			);
			name = Products;
			sourceTree = "<group>";
		};
		D2142139192526DB00C7CF21 /* Frameworks */ = {
			isa = PBXGroup;
			children = (
				D214213A192526DB00C7CF21 /* Foundation.framework */,
				D214213C192526DB00C7CF21 /* CoreGraphics.framework */,
				D214213E192526DB00C7CF21 /* UIKit.framework */,
				D2142159192526DC00C7CF21 /* XCTest.framework */,
			);
			name = Frameworks;
			sourceTree = "<group>";
		};
		D2142140192526DB00C7CF21 /* Vamos */ = {
			isa = PBXGroup;
			children = (
				D2142149192526DB00C7CF21 /* AppDelegate.h */,
				D214214A192526DB00C7CF21 /* AppDelegate.m */,
				D214214C192526DB00C7CF21 /* Main.storyboard */,
				D214214F192526DB00C7CF21 /* ViewController.h */,
				D2142150192526DB00C7CF21 /* ViewController.m */,
				D2142152192526DB00C7CF21 /* Images.xcassets */,
				D2142141192526DB00C7CF21 /* Supporting Files */,
			);
			path = Vamos;
			sourceTree = "<group>";
		};
		D2142141192526DB00C7CF21 /* Supporting Files */ = {
			isa = PBXGroup;
			children = (
				D2142142192526DB00C7CF21 /* Vamos-Info.plist */,
				D2142143192526DB00C7CF21 /* InfoPlist.strings */,
				D2142146192526DB00C7CF21 /* main.m */,
				D2142148192526DB00C7CF21 /* Vamos-Prefix.pch */,
			);
			name = "Supporting Files";
			sourceTree = "<group>";
		};
		D214215F192526DC00C7CF21 /* VamosTests */ = {
			isa = PBXGroup;
			children = (
				D2142165192526DC00C7CF21 /* VamosTests.m */,
				D2142160192526DC00C7CF21 /* Supporting Files */,
			);
			path = VamosTests;
			sourceTree = "<group>";
		};
		D2142160192526DC00C7CF21 /* Supporting Files */ = {
			isa = PBXGroup;
			children = (
				D2142161192526DC00C7CF21 /* VamosTests-Info.plist */,
				D2142162192526DC00C7CF21 /* InfoPlist.strings */,
			);
			name = "Supporting Files";
			sourceTree = "<group>";
		};
/* End PBXGroup section */

/* Begin PBXNativeTarget section */
		D2142136192526DB00C7CF21 /* Vamos */ = {
			isa = PBXNativeTarget;
			buildConfigurationList = D2142169192526DC00C7CF21 /* Build configuration list for PBXNativeTarget "Vamos" */;
			buildPhases = (
				D2142133192526DB00C7CF21 /* Sources */,
				D2142134192526DB00C7CF21 /* Frameworks */,
				D2142135192526DB00C7CF21 /* Resources */,
			);
			buildRules = (
			);
			dependencies = (
			);
			name = Vamos;
			productName = Vamos;
			productReference = D2142137192526DB00C7CF21 /* Vamos.app */;
			productType = "com.apple.product-type.application";
		};
		D2142157192526DC00C7CF21 /* VamosTests */ = {
			isa = PBXNativeTarget;
			buildConfigurationList = D214216C192526DC00C7CF21 /* Build configuration list for PBXNativeTarget "VamosTests" */;
			buildPhases = (
				D2142154192526DC00C7CF21 /* Sources */,
				D2142155192526DC00C7CF21 /* Frameworks */,
				D2142156192526DC00C7CF21 /* Resources */,
			);
			buildRules = (
			);
			dependencies = (
				D214215E192526DC00C7CF21 /* PBXTargetDependency */,
			);
			name = VamosTests;
			productName = VamosTests;
			productReference = D2142158192526DC00C7CF21 /* VamosTests.xctest */;
			productType = "com.apple.product-type.bundle.unit-test";
		};
/* End PBXNativeTarget section */

/* Begin PBXProject section */
		D214212F192526DB00C7CF21 /* Project object */ = {
			isa = PBXProject;
			attributes = {
				LastUpgradeCheck = 0510;
				ORGANIZATIONNAME = "Scott Brugmans";
				TargetAttributes = {
					D2142157192526DC00C7CF21 = {
						TestTargetID = D2142136192526DB00C7CF21;
					};
				};
			};
			buildConfigurationList = D2142132192526DB00C7CF21 /* Build configuration list for PBXProject "Vamos" */;
			compatibilityVersion = "Xcode 3.2";
			developmentRegion = English;
			hasScannedForEncodings = 0;
			knownRegions = (
				en,
				Base,
			);
			mainGroup = D214212E192526DB00C7CF21;
			productRefGroup = D2142138192526DB00C7CF21 /* Products */;
			projectDirPath = "";
			projectRoot = "";
			targets = (
				D2142136192526DB00C7CF21 /* Vamos */,
				D2142157192526DC00C7CF21 /* VamosTests */,
			);
		};
/* End PBXProject section */

/* Begin PBXResourcesBuildPhase section */
		D2142135192526DB00C7CF21 /* Resources */ = {
			isa = PBXResourcesBuildPhase;
			buildActionMask = 2147483647;
			files = (
				D2142153192526DB00C7CF21 /* Images.xcassets in Resources */,
				D2142145192526DB00C7CF21 /* InfoPlist.strings in Resources */,
				D214214E192526DB00C7CF21 /* Main.storyboard in Resources */,
			);
			runOnlyForDeploymentPostprocessing = 0;
		};
		D2142156192526DC00C7CF21 /* Resources */ = {
			isa = PBXResourcesBuildPhase;
			buildActionMask = 2147483647;
			files = (
				D2142164192526DC00C7CF21 /* InfoPlist.strings in Resources */,
			);
			runOnlyForDeploymentPostprocessing = 0;
		};
/* End PBXResourcesBuildPhase section */

/* Begin PBXSourcesBuildPhase section */
		D2142133192526DB00C7CF21 /* Sources */ = {
			isa = PBXSourcesBuildPhase;
			buildActionMask = 2147483647;
			files = (
				D2142151192526DB00C7CF21 /* ViewController.m in Sources */,
				D214214B192526DB00C7CF21 /* AppDelegate.m in Sources */,
				D2142147192526DB00C7CF21 /* main.m in Sources */,
			);
			runOnlyForDeploymentPostprocessing = 0;
		};
		D2142154192526DC00C7CF21 /* Sources */ = {
			isa = PBXSourcesBuildPhase;
			buildActionMask = 2147483647;
			files = (
				D2142166192526DC00C7CF21 /* VamosTests.m in Sources */,
			);
			runOnlyForDeploymentPostprocessing = 0;
		};
/* End PBXSourcesBuildPhase section */

/* Begin PBXTargetDependency section */
		D214215E192526DC00C7CF21 /* PBXTargetDependency */ = {
			isa = PBXTargetDependency;
			target = D2142136192526DB00C7CF21 /* Vamos */;
			targetProxy = D214215D192526DC00C7CF21 /* PBXContainerItemProxy */;
		};
/* End PBXTargetDependency section */

/* Begin PBXVariantGroup section */
		D2142143192526DB00C7CF21 /* InfoPlist.strings */ = {
			isa = PBXVariantGroup;
			children = (
				D2142144192526DB00C7CF21 /* en */,
			);
			name = InfoPlist.strings;
			sourceTree = "<group>";
		};
		D214214C192526DB00C7CF21 /* Main.storyboard */ = {
			isa = PBXVariantGroup;
			children = (
				D214214D192526DB00C7CF21 /* Base */,
			);
			name = Main.storyboard;
			sourceTree = "<group>";
		};
		D2142162192526DC00C7CF21 /* InfoPlist.strings */ = {
			isa = PBXVariantGroup;
			children = (
				D2142163192526DC00C7CF21 /* en */,
			);
			name = InfoPlist.strings;
			sourceTree = "<group>";
		};
/* End PBXVariantGroup section */

/* Begin XCBuildConfiguration section */
		D2142167192526DC00C7CF21 /* Debug */ = {
			isa = XCBuildConfiguration;
			buildSettings = {
				ALWAYS_SEARCH_USER_PATHS = NO;
				CLANG_CXX_LANGUAGE_STANDARD = "gnu++0x";
				CLANG_CXX_LIBRARY = "libc++";
				CLANG_ENABLE_MODULES = YES;
				CLANG_ENABLE_OBJC_ARC = YES;
				CLANG_WARN_BOOL_CONVERSION = YES;
				CLANG_WARN_CONSTANT_CONVERSION = YES;
				CLANG_WARN_DIRECT_OBJC_ISA_USAGE = YES_ERROR;
				CLANG_WARN_EMPTY_BODY = YES;
				CLANG_WARN_ENUM_CONVERSION = YES;
				CLANG_WARN_INT_CONVERSION = YES;
				CLANG_WARN_OBJC_ROOT_CLASS = YES_ERROR;
				CLANG_WARN__DUPLICATE_METHOD_MATCH = YES;
				"CODE_SIGN_IDENTITY[sdk=iphoneos*]" = "iPhone Developer";
				COPY_PHASE_STRIP = NO;
				GCC_C_LANGUAGE_STANDARD = gnu99;
				GCC_DYNAMIC_NO_PIC = NO;
				GCC_OPTIMIZATION_LEVEL = 0;
				GCC_PREPROCESSOR_DEFINITIONS = (
					"DEBUG=1",
					"$(inherited)",
				);
				GCC_SYMBOLS_PRIVATE_EXTERN = NO;
				GCC_WARN_64_TO_32_BIT_CONVERSION = YES;
				GCC_WARN_ABOUT_RETURN_TYPE = YES_ERROR;
				GCC_WARN_UNDECLARED_SELECTOR = YES;
				GCC_WARN_UNINITIALIZED_AUTOS = YES_AGGRESSIVE;
				GCC_WARN_UNUSED_FUNCTION = YES;
				GCC_WARN_UNUSED_VARIABLE = YES;
				IPHONEOS_DEPLOYMENT_TARGET = 7.1;
				ONLY_ACTIVE_ARCH = YES;
				SDKROOT = iphoneos;
			};
			name = Debug;
		};
		D2142168192526DC00C7CF21 /* Release */ = {
			isa = XCBuildConfiguration;
			buildSettings = {
				ALWAYS_SEARCH_USER_PATHS = NO;
				CLANG_CXX_LANGUAGE_STANDARD = "gnu++0x";
				CLANG_CXX_LIBRARY = "libc++";
				CLANG_ENABLE_MODULES = YES;
				CLANG_ENABLE_OBJC_ARC = YES;
				CLANG_WARN_BOOL_CONVERSION = YES;
				CLANG_WARN_CONSTANT_CONVERSION = YES;
				CLANG_WARN_DIRECT_OBJC_ISA_USAGE = YES_ERROR;
				CLANG_WARN_EMPTY_BODY = YES;
				CLANG_WARN_ENUM_CONVERSION = YES;
				CLANG_WARN_INT_CONVERSION = YES;
				CLANG_WARN_OBJC_ROOT_CLASS = YES_ERROR;
				CLANG_WARN__DUPLICATE_METHOD_MATCH = YES;
				"CODE_SIGN_IDENTITY[sdk=iphoneos*]" = "iPhone Developer";
				COPY_PHASE_STRIP = YES;
				ENABLE_NS_ASSERTIONS = NO;
				GCC_C_LANGUAGE_STANDARD = gnu99;
				GCC_WARN_64_TO_32_BIT_CONVERSION = YES;
				GCC_WARN_ABOUT_RETURN_TYPE = YES_ERROR;
				GCC_WARN_UNDECLARED_SELECTOR = YES;
				GCC_WARN_UNINITIALIZED_AUTOS = YES_AGGRESSIVE;
				GCC_WARN_UNUSED_FUNCTION = YES;
				GCC_WARN_UNUSED_VARIABLE = YES;
				IPHONEOS_DEPLOYMENT_TARGET = 7.1;
				SDKROOT = iphoneos;
				VALIDATE_PRODUCT = YES;
			};
			name = Release;
		};
		D214216A192526DC00C7CF21 /* Debug */ = {
			isa = XCBuildConfiguration;
			buildSettings = {
				ASSETCATALOG_COMPILER_APPICON_NAME = AppIcon;
				ASSETCATALOG_COMPILER_LAUNCHIMAGE_NAME = LaunchImage;
				GCC_PRECOMPILE_PREFIX_HEADER = YES;
				GCC_PREFIX_HEADER = "Vamos/Vamos-Prefix.pch";
				INFOPLIST_FILE = "Vamos/Vamos-Info.plist";
				PRODUCT_NAME = "$(TARGET_NAME)";
				WRAPPER_EXTENSION = app;
			};
			name = Debug;
		};
		D214216B192526DC00C7CF21 /* Release */ = {
			isa = XCBuildConfiguration;
			buildSettings = {
				ASSETCATALOG_COMPILER_APPICON_NAME = AppIcon;
				ASSETCATALOG_COMPILER_LAUNCHIMAGE_NAME = LaunchImage;
				GCC_PRECOMPILE_PREFIX_HEADER = YES;
				GCC_PREFIX_HEADER = "Vamos/Vamos-Prefix.pch";
				INFOPLIST_FILE = "Vamos/Vamos-Info.plist";
				PRODUCT_NAME = "$(TARGET_NAME)";
				WRAPPER_EXTENSION = app;
			};
			name = Release;
		};
		D214216D192526DC00C7CF21 /* Debug */ = {
			isa = XCBuildConfiguration;
			buildSettings = {
				BUNDLE_LOADER = "$(BUILT_PRODUCTS_DIR)/Vamos.app/Vamos";
				FRAMEWORK_SEARCH_PATHS = (
					"$(SDKROOT)/Developer/Library/Frameworks",
					"$(inherited)",
					"$(DEVELOPER_FRAMEWORKS_DIR)",
				);
				GCC_PRECOMPILE_PREFIX_HEADER = YES;
				GCC_PREFIX_HEADER = "Vamos/Vamos-Prefix.pch";
				GCC_PREPROCESSOR_DEFINITIONS = (
					"DEBUG=1",
					"$(inherited)",
				);
				INFOPLIST_FILE = "VamosTests/VamosTests-Info.plist";
				PRODUCT_NAME = "$(TARGET_NAME)";
				TEST_HOST = "$(BUNDLE_LOADER)";
				WRAPPER_EXTENSION = xctest;
			};
			name = Debug;
		};
		D214216E192526DC00C7CF21 /* Release */ = {
			isa = XCBuildConfiguration;
			buildSettings = {
				BUNDLE_LOADER = "$(BUILT_PRODUCTS_DIR)/Vamos.app/Vamos";
				FRAMEWORK_SEARCH_PATHS = (
					"$(SDKROOT)/Developer/Library/Frameworks",
					"$(inherited)",
					"$(DEVELOPER_FRAMEWORKS_DIR)",
				);
				GCC_PRECOMPILE_PREFIX_HEADER = YES;
				GCC_PREFIX_HEADER = "Vamos/Vamos-Prefix.pch";
				INFOPLIST_FILE = "VamosTests/VamosTests-Info.plist";
				PRODUCT_NAME = "$(TARGET_NAME)";
				TEST_HOST = "$(BUNDLE_LOADER)";
				WRAPPER_EXTENSION = xctest;
			};
			name = Release;
		};
/* End XCBuildConfiguration section */

/* Begin XCConfigurationList section */
		D2142132192526DB00C7CF21 /* Build configuration list for PBXProject "Vamos" */ = {
			isa = XCConfigurationList;
			buildConfigurations = (
				D2142167192526DC00C7CF21 /* Debug */,
				D2142168192526DC00C7CF21 /* Release */,
			);
			defaultConfigurationIsVisible = 0;
			defaultConfigurationName = Release;
		};
		D2142169192526DC00C7CF21 /* Build configuration list for PBXNativeTarget "Vamos" */ = {
			isa = XCConfigurationList;
			buildConfigurations = (
				D214216A192526DC00C7CF21 /* Debug */,
				D214216B192526DC00C7CF21 /* Release */,
			);
			defaultConfigurationIsVisible = 0;
		};
		D214216C192526DC00C7CF21 /* Build configuration list for PBXNativeTarget "VamosTests" */ = {
			isa = XCConfigurationList;
			buildConfigurations = (
				D214216D192526DC00C7CF21 /* Debug */,
				D214216E192526DC00C7CF21 /* Release */,
			);
			defaultConfigurationIsVisible = 0;
		};
/* End XCConfigurationList section */
	};
	rootObject = D214212F192526DB00C7CF21 /* Project object */;
}
