// !$*UTF8*$!
{
	archiveVersion = 1;
	classes = {
	};
	objectVersion = 46;
	objects = {

/* Begin PBXBuildFile section */
		0C84DC261925618800FB5D7F /* CustomButton.m in Sources */ = {isa = PBXBuildFile; fileRef = 0C84DC251925618800FB5D7F /* CustomButton.m */; };
		0CDB53E9192651BA002A2E02 /* AnimatieControllerViewController.m in Sources */ = {isa = PBXBuildFile; fileRef = 0CDB53E8192651BA002A2E02 /* AnimatieControllerViewController.m */; };
		D21421BD1925278400C7CF21 /* Foundation.framework in Frameworks */ = {isa = PBXBuildFile; fileRef = D21421BC1925278400C7CF21 /* Foundation.framework */; };
		D21421BF1925278400C7CF21 /* CoreGraphics.framework in Frameworks */ = {isa = PBXBuildFile; fileRef = D21421BE1925278400C7CF21 /* CoreGraphics.framework */; };
		D21421C11925278400C7CF21 /* UIKit.framework in Frameworks */ = {isa = PBXBuildFile; fileRef = D21421C01925278400C7CF21 /* UIKit.framework */; };
		D21421C71925278400C7CF21 /* InfoPlist.strings in Resources */ = {isa = PBXBuildFile; fileRef = D21421C51925278400C7CF21 /* InfoPlist.strings */; };
		D21421C91925278400C7CF21 /* main.m in Sources */ = {isa = PBXBuildFile; fileRef = D21421C81925278400C7CF21 /* main.m */; };
		D21421CD1925278400C7CF21 /* AppDelegate.m in Sources */ = {isa = PBXBuildFile; fileRef = D21421CC1925278400C7CF21 /* AppDelegate.m */; };
		D21421D01925278400C7CF21 /* Main.storyboard in Resources */ = {isa = PBXBuildFile; fileRef = D21421CE1925278400C7CF21 /* Main.storyboard */; };
		D21421D81925278400C7CF21 /* Images.xcassets in Resources */ = {isa = PBXBuildFile; fileRef = D21421D71925278400C7CF21 /* Images.xcassets */; };
		D21421DF1925278400C7CF21 /* XCTest.framework in Frameworks */ = {isa = PBXBuildFile; fileRef = D21421DE1925278400C7CF21 /* XCTest.framework */; };
		D21421E01925278400C7CF21 /* Foundation.framework in Frameworks */ = {isa = PBXBuildFile; fileRef = D21421BC1925278400C7CF21 /* Foundation.framework */; };
		D21421E11925278400C7CF21 /* UIKit.framework in Frameworks */ = {isa = PBXBuildFile; fileRef = D21421C01925278400C7CF21 /* UIKit.framework */; };
		D21421E91925278400C7CF21 /* InfoPlist.strings in Resources */ = {isa = PBXBuildFile; fileRef = D21421E71925278400C7CF21 /* InfoPlist.strings */; };
		D21421EB1925278400C7CF21 /* VamosTests.m in Sources */ = {isa = PBXBuildFile; fileRef = D21421EA1925278400C7CF21 /* VamosTests.m */; };
		D21421F6192527A200C7CF21 /* BalloonListTableViewController.m in Sources */ = {isa = PBXBuildFile; fileRef = D21421F5192527A200C7CF21 /* BalloonListTableViewController.m */; };
		D21421F91925283D00C7CF21 /* NewBalloonTableViewController.m in Sources */ = {isa = PBXBuildFile; fileRef = D21421F81925283D00C7CF21 /* NewBalloonTableViewController.m */; };
		D21421FF19252D2B00C7CF21 /* MainTabBarController.m in Sources */ = {isa = PBXBuildFile; fileRef = D21421FE19252D2B00C7CF21 /* MainTabBarController.m */; };
		D214220119252F8C00C7CF21 /* Parse.framework in Frameworks */ = {isa = PBXBuildFile; fileRef = D214220019252F8C00C7CF21 /* Parse.framework */; };
		D214220B1925306C00C7CF21 /* AudioToolbox.framework in Frameworks */ = {isa = PBXBuildFile; fileRef = D21422021925306C00C7CF21 /* AudioToolbox.framework */; };
		D214220C1925306C00C7CF21 /* CFNetwork.framework in Frameworks */ = {isa = PBXBuildFile; fileRef = D21422031925306C00C7CF21 /* CFNetwork.framework */; };
		D214220D1925306C00C7CF21 /* CoreLocation.framework in Frameworks */ = {isa = PBXBuildFile; fileRef = D21422041925306C00C7CF21 /* CoreLocation.framework */; };
		D214220E1925306C00C7CF21 /* libz.dylib in Frameworks */ = {isa = PBXBuildFile; fileRef = D21422051925306C00C7CF21 /* libz.dylib */; };
		D214220F1925306C00C7CF21 /* MobileCoreServices.framework in Frameworks */ = {isa = PBXBuildFile; fileRef = D21422061925306C00C7CF21 /* MobileCoreServices.framework */; };
		D21422101925306C00C7CF21 /* QuartzCore.framework in Frameworks */ = {isa = PBXBuildFile; fileRef = D21422071925306C00C7CF21 /* QuartzCore.framework */; };
		D21422111925306C00C7CF21 /* Security.framework in Frameworks */ = {isa = PBXBuildFile; fileRef = D21422081925306C00C7CF21 /* Security.framework */; };
		D21422121925306C00C7CF21 /* StoreKit.framework in Frameworks */ = {isa = PBXBuildFile; fileRef = D21422091925306C00C7CF21 /* StoreKit.framework */; };
		D21422131925306C00C7CF21 /* SystemConfiguration.framework in Frameworks */ = {isa = PBXBuildFile; fileRef = D214220A1925306C00C7CF21 /* SystemConfiguration.framework */; };
		D2142215192531F500C7CF21 /* FacebookSDK.framework in Frameworks */ = {isa = PBXBuildFile; fileRef = D2142214192531F500C7CF21 /* FacebookSDK.framework */; };
		D21422181925545300C7CF21 /* StartViewController.m in Sources */ = {isa = PBXBuildFile; fileRef = D21422171925545300C7CF21 /* StartViewController.m */; };
		D2AED2091925780900713526 /* ViewExistingBalloonTableViewController.m in Sources */ = {isa = PBXBuildFile; fileRef = D2AED2081925780900713526 /* ViewExistingBalloonTableViewController.m */; };
/* End PBXBuildFile section */

/* Begin PBXContainerItemProxy section */
		D21421E21925278400C7CF21 /* PBXContainerItemProxy */ = {
			isa = PBXContainerItemProxy;
			containerPortal = D21421B11925278400C7CF21 /* Project object */;
			proxyType = 1;
			remoteGlobalIDString = D21421B81925278400C7CF21;
			remoteInfo = Vamos;
		};
/* End PBXContainerItemProxy section */

/* Begin PBXFileReference section */
		0C84DC241925618800FB5D7F /* CustomButton.h */ = {isa = PBXFileReference; fileEncoding = 4; lastKnownFileType = sourcecode.c.h; path = CustomButton.h; sourceTree = "<group>"; };
		0C84DC251925618800FB5D7F /* CustomButton.m */ = {isa = PBXFileReference; fileEncoding = 4; lastKnownFileType = sourcecode.c.objc; path = CustomButton.m; sourceTree = "<group>"; };
		0CDB53E7192651BA002A2E02 /* AnimatieControllerViewController.h */ = {isa = PBXFileReference; fileEncoding = 4; lastKnownFileType = sourcecode.c.h; path = AnimatieControllerViewController.h; sourceTree = "<group>"; };
		0CDB53E8192651BA002A2E02 /* AnimatieControllerViewController.m */ = {isa = PBXFileReference; fileEncoding = 4; lastKnownFileType = sourcecode.c.objc; path = AnimatieControllerViewController.m; sourceTree = "<group>"; };
		D21421B91925278400C7CF21 /* Vamos.app */ = {isa = PBXFileReference; explicitFileType = wrapper.application; includeInIndex = 0; path = Vamos.app; sourceTree = BUILT_PRODUCTS_DIR; };
		D21421BC1925278400C7CF21 /* Foundation.framework */ = {isa = PBXFileReference; lastKnownFileType = wrapper.framework; name = Foundation.framework; path = System/Library/Frameworks/Foundation.framework; sourceTree = SDKROOT; };
		D21421BE1925278400C7CF21 /* CoreGraphics.framework */ = {isa = PBXFileReference; lastKnownFileType = wrapper.framework; name = CoreGraphics.framework; path = System/Library/Frameworks/CoreGraphics.framework; sourceTree = SDKROOT; };
		D21421C01925278400C7CF21 /* UIKit.framework */ = {isa = PBXFileReference; lastKnownFileType = wrapper.framework; name = UIKit.framework; path = System/Library/Frameworks/UIKit.framework; sourceTree = SDKROOT; };
		D21421C41925278400C7CF21 /* Vamos-Info.plist */ = {isa = PBXFileReference; lastKnownFileType = text.plist.xml; path = "Vamos-Info.plist"; sourceTree = "<group>"; };
		D21421C61925278400C7CF21 /* en */ = {isa = PBXFileReference; lastKnownFileType = text.plist.strings; name = en; path = en.lproj/InfoPlist.strings; sourceTree = "<group>"; };
		D21421C81925278400C7CF21 /* main.m */ = {isa = PBXFileReference; lastKnownFileType = sourcecode.c.objc; path = main.m; sourceTree = "<group>"; };
		D21421CA1925278400C7CF21 /* Vamos-Prefix.pch */ = {isa = PBXFileReference; lastKnownFileType = sourcecode.c.h; path = "Vamos-Prefix.pch"; sourceTree = "<group>"; };
		D21421CB1925278400C7CF21 /* AppDelegate.h */ = {isa = PBXFileReference; lastKnownFileType = sourcecode.c.h; path = AppDelegate.h; sourceTree = "<group>"; };
		D21421CC1925278400C7CF21 /* AppDelegate.m */ = {isa = PBXFileReference; lastKnownFileType = sourcecode.c.objc; path = AppDelegate.m; sourceTree = "<group>"; };
		D21421CF1925278400C7CF21 /* Base */ = {isa = PBXFileReference; lastKnownFileType = file.storyboard; name = Base; path = Base.lproj/Main.storyboard; sourceTree = "<group>"; };
		D21421D71925278400C7CF21 /* Images.xcassets */ = {isa = PBXFileReference; lastKnownFileType = folder.assetcatalog; path = Images.xcassets; sourceTree = "<group>"; };
		D21421DD1925278400C7CF21 /* VamosTests.xctest */ = {isa = PBXFileReference; explicitFileType = wrapper.cfbundle; includeInIndex = 0; path = VamosTests.xctest; sourceTree = BUILT_PRODUCTS_DIR; };
		D21421DE1925278400C7CF21 /* XCTest.framework */ = {isa = PBXFileReference; lastKnownFileType = wrapper.framework; name = XCTest.framework; path = Library/Frameworks/XCTest.framework; sourceTree = DEVELOPER_DIR; };
		D21421E61925278400C7CF21 /* VamosTests-Info.plist */ = {isa = PBXFileReference; lastKnownFileType = text.plist.xml; path = "VamosTests-Info.plist"; sourceTree = "<group>"; };
		D21421E81925278400C7CF21 /* en */ = {isa = PBXFileReference; lastKnownFileType = text.plist.strings; name = en; path = en.lproj/InfoPlist.strings; sourceTree = "<group>"; };
		D21421EA1925278400C7CF21 /* VamosTests.m */ = {isa = PBXFileReference; lastKnownFileType = sourcecode.c.objc; path = VamosTests.m; sourceTree = "<group>"; };
		D21421F4192527A200C7CF21 /* BalloonListTableViewController.h */ = {isa = PBXFileReference; fileEncoding = 4; lastKnownFileType = sourcecode.c.h; path = BalloonListTableViewController.h; sourceTree = "<group>"; };
		D21421F5192527A200C7CF21 /* BalloonListTableViewController.m */ = {isa = PBXFileReference; fileEncoding = 4; lastKnownFileType = sourcecode.c.objc; path = BalloonListTableViewController.m; sourceTree = "<group>"; };
		D21421F71925283D00C7CF21 /* NewBalloonTableViewController.h */ = {isa = PBXFileReference; fileEncoding = 4; lastKnownFileType = sourcecode.c.h; path = NewBalloonTableViewController.h; sourceTree = "<group>"; };
		D21421F81925283D00C7CF21 /* NewBalloonTableViewController.m */ = {isa = PBXFileReference; fileEncoding = 4; lastKnownFileType = sourcecode.c.objc; path = NewBalloonTableViewController.m; sourceTree = "<group>"; };
		D21421FD19252D2B00C7CF21 /* MainTabBarController.h */ = {isa = PBXFileReference; fileEncoding = 4; lastKnownFileType = sourcecode.c.h; path = MainTabBarController.h; sourceTree = "<group>"; };
		D21421FE19252D2B00C7CF21 /* MainTabBarController.m */ = {isa = PBXFileReference; fileEncoding = 4; lastKnownFileType = sourcecode.c.objc; path = MainTabBarController.m; sourceTree = "<group>"; };
		D214220019252F8C00C7CF21 /* Parse.framework */ = {isa = PBXFileReference; lastKnownFileType = wrapper.framework; path = Parse.framework; sourceTree = "<group>"; };
		D21422021925306C00C7CF21 /* AudioToolbox.framework */ = {isa = PBXFileReference; lastKnownFileType = wrapper.framework; name = AudioToolbox.framework; path = System/Library/Frameworks/AudioToolbox.framework; sourceTree = SDKROOT; };
		D21422031925306C00C7CF21 /* CFNetwork.framework */ = {isa = PBXFileReference; lastKnownFileType = wrapper.framework; name = CFNetwork.framework; path = System/Library/Frameworks/CFNetwork.framework; sourceTree = SDKROOT; };
		D21422041925306C00C7CF21 /* CoreLocation.framework */ = {isa = PBXFileReference; lastKnownFileType = wrapper.framework; name = CoreLocation.framework; path = System/Library/Frameworks/CoreLocation.framework; sourceTree = SDKROOT; };
		D21422051925306C00C7CF21 /* libz.dylib */ = {isa = PBXFileReference; lastKnownFileType = "compiled.mach-o.dylib"; name = libz.dylib; path = usr/lib/libz.dylib; sourceTree = SDKROOT; };
		D21422061925306C00C7CF21 /* MobileCoreServices.framework */ = {isa = PBXFileReference; lastKnownFileType = wrapper.framework; name = MobileCoreServices.framework; path = System/Library/Frameworks/MobileCoreServices.framework; sourceTree = SDKROOT; };
		D21422071925306C00C7CF21 /* QuartzCore.framework */ = {isa = PBXFileReference; lastKnownFileType = wrapper.framework; name = QuartzCore.framework; path = System/Library/Frameworks/QuartzCore.framework; sourceTree = SDKROOT; };
		D21422081925306C00C7CF21 /* Security.framework */ = {isa = PBXFileReference; lastKnownFileType = wrapper.framework; name = Security.framework; path = System/Library/Frameworks/Security.framework; sourceTree = SDKROOT; };
		D21422091925306C00C7CF21 /* StoreKit.framework */ = {isa = PBXFileReference; lastKnownFileType = wrapper.framework; name = StoreKit.framework; path = System/Library/Frameworks/StoreKit.framework; sourceTree = SDKROOT; };
		D214220A1925306C00C7CF21 /* SystemConfiguration.framework */ = {isa = PBXFileReference; lastKnownFileType = wrapper.framework; name = SystemConfiguration.framework; path = System/Library/Frameworks/SystemConfiguration.framework; sourceTree = SDKROOT; };
		D2142214192531F500C7CF21 /* FacebookSDK.framework */ = {isa = PBXFileReference; lastKnownFileType = wrapper.framework; path = FacebookSDK.framework; sourceTree = "<group>"; };
		D21422161925545300C7CF21 /* StartViewController.h */ = {isa = PBXFileReference; fileEncoding = 4; lastKnownFileType = sourcecode.c.h; path = StartViewController.h; sourceTree = "<group>"; };
		D21422171925545300C7CF21 /* StartViewController.m */ = {isa = PBXFileReference; fileEncoding = 4; lastKnownFileType = sourcecode.c.objc; path = StartViewController.m; sourceTree = "<group>"; };
		D2AED2071925780900713526 /* ViewExistingBalloonTableViewController.h */ = {isa = PBXFileReference; fileEncoding = 4; lastKnownFileType = sourcecode.c.h; path = ViewExistingBalloonTableViewController.h; sourceTree = "<group>"; };
		D2AED2081925780900713526 /* ViewExistingBalloonTableViewController.m */ = {isa = PBXFileReference; fileEncoding = 4; lastKnownFileType = sourcecode.c.objc; path = ViewExistingBalloonTableViewController.m; sourceTree = "<group>"; };
/* End PBXFileReference section */

/* Begin PBXFrameworksBuildPhase section */
		D21421B61925278400C7CF21 /* Frameworks */ = {
			isa = PBXFrameworksBuildPhase;
			buildActionMask = 2147483647;
			files = (
				D214220B1925306C00C7CF21 /* AudioToolbox.framework in Frameworks */,
				D214220C1925306C00C7CF21 /* CFNetwork.framework in Frameworks */,
				D214220D1925306C00C7CF21 /* CoreLocation.framework in Frameworks */,
				D214220E1925306C00C7CF21 /* libz.dylib in Frameworks */,
				D214220F1925306C00C7CF21 /* MobileCoreServices.framework in Frameworks */,
				D21422101925306C00C7CF21 /* QuartzCore.framework in Frameworks */,
				D21422111925306C00C7CF21 /* Security.framework in Frameworks */,
				D21422121925306C00C7CF21 /* StoreKit.framework in Frameworks */,
				D21422131925306C00C7CF21 /* SystemConfiguration.framework in Frameworks */,
				D21421BF1925278400C7CF21 /* CoreGraphics.framework in Frameworks */,
				D21421C11925278400C7CF21 /* UIKit.framework in Frameworks */,
				D214220119252F8C00C7CF21 /* Parse.framework in Frameworks */,
				D21421BD1925278400C7CF21 /* Foundation.framework in Frameworks */,
				D2142215192531F500C7CF21 /* FacebookSDK.framework in Frameworks */,
			);
			runOnlyForDeploymentPostprocessing = 0;
		};
		D21421DA1925278400C7CF21 /* Frameworks */ = {
			isa = PBXFrameworksBuildPhase;
			buildActionMask = 2147483647;
			files = (
				D21421DF1925278400C7CF21 /* XCTest.framework in Frameworks */,
				D21421E11925278400C7CF21 /* UIKit.framework in Frameworks */,
				D21421E01925278400C7CF21 /* Foundation.framework in Frameworks */,
			);
			runOnlyForDeploymentPostprocessing = 0;
		};
/* End PBXFrameworksBuildPhase section */

/* Begin PBXGroup section */
		D21421B01925278400C7CF21 = {
			isa = PBXGroup;
			children = (
				D21421C21925278400C7CF21 /* Vamos */,
				D21421E41925278400C7CF21 /* VamosTests */,
				D21421BB1925278400C7CF21 /* Frameworks */,
				D21421BA1925278400C7CF21 /* Products */,
			);
			sourceTree = "<group>";
		};
		D21421BA1925278400C7CF21 /* Products */ = {
			isa = PBXGroup;
			children = (
				D21421B91925278400C7CF21 /* Vamos.app */,
				D21421DD1925278400C7CF21 /* VamosTests.xctest */,
			);
			name = Products;
			sourceTree = "<group>";
		};
		D21421BB1925278400C7CF21 /* Frameworks */ = {
			isa = PBXGroup;
			children = (
				D2142214192531F500C7CF21 /* FacebookSDK.framework */,
				D21422021925306C00C7CF21 /* AudioToolbox.framework */,
				D21422031925306C00C7CF21 /* CFNetwork.framework */,
				D21422041925306C00C7CF21 /* CoreLocation.framework */,
				D21422051925306C00C7CF21 /* libz.dylib */,
				D21422061925306C00C7CF21 /* MobileCoreServices.framework */,
				D21422071925306C00C7CF21 /* QuartzCore.framework */,
				D21422081925306C00C7CF21 /* Security.framework */,
				D21422091925306C00C7CF21 /* StoreKit.framework */,
				D214220A1925306C00C7CF21 /* SystemConfiguration.framework */,
				D214220019252F8C00C7CF21 /* Parse.framework */,
				D21421BC1925278400C7CF21 /* Foundation.framework */,
				D21421BE1925278400C7CF21 /* CoreGraphics.framework */,
				D21421C01925278400C7CF21 /* UIKit.framework */,
				D21421DE1925278400C7CF21 /* XCTest.framework */,
			);
			name = Frameworks;
			sourceTree = "<group>";
		};
		D21421C21925278400C7CF21 /* Vamos */ = {
			isa = PBXGroup;
			children = (
				D21421CB1925278400C7CF21 /* AppDelegate.h */,
				D21421CC1925278400C7CF21 /* AppDelegate.m */,
				D21421CE1925278400C7CF21 /* Main.storyboard */,
				0C84DC241925618800FB5D7F /* CustomButton.h */,
				0C84DC251925618800FB5D7F /* CustomButton.m */,
				D21422161925545300C7CF21 /* StartViewController.h */,
				D21422171925545300C7CF21 /* StartViewController.m */,
				D21421FD19252D2B00C7CF21 /* MainTabBarController.h */,
				D21421FE19252D2B00C7CF21 /* MainTabBarController.m */,
				D21421F4192527A200C7CF21 /* BalloonListTableViewController.h */,
				D21421F5192527A200C7CF21 /* BalloonListTableViewController.m */,
				D2AED2071925780900713526 /* ViewExistingBalloonTableViewController.h */,
				D2AED2081925780900713526 /* ViewExistingBalloonTableViewController.m */,
				D21421F71925283D00C7CF21 /* NewBalloonTableViewController.h */,
				D21421F81925283D00C7CF21 /* NewBalloonTableViewController.m */,
				D21421D71925278400C7CF21 /* Images.xcassets */,
				D21421C31925278400C7CF21 /* Supporting Files */,
				0CDB53E7192651BA002A2E02 /* AnimatieControllerViewController.h */,
				0CDB53E8192651BA002A2E02 /* AnimatieControllerViewController.m */,
			);
			path = Vamos;
			sourceTree = "<group>";
		};
		D21421C31925278400C7CF21 /* Supporting Files */ = {
			isa = PBXGroup;
			children = (
				D21421C41925278400C7CF21 /* Vamos-Info.plist */,
				D21421C51925278400C7CF21 /* InfoPlist.strings */,
				D21421C81925278400C7CF21 /* main.m */,
				D21421CA1925278400C7CF21 /* Vamos-Prefix.pch */,
			);
			name = "Supporting Files";
			sourceTree = "<group>";
		};
		D21421E41925278400C7CF21 /* VamosTests */ = {
			isa = PBXGroup;
			children = (
				D21421EA1925278400C7CF21 /* VamosTests.m */,
				D21421E51925278400C7CF21 /* Supporting Files */,
			);
			path = VamosTests;
			sourceTree = "<group>";
		};
		D21421E51925278400C7CF21 /* Supporting Files */ = {
			isa = PBXGroup;
			children = (
				D21421E61925278400C7CF21 /* VamosTests-Info.plist */,
				D21421E71925278400C7CF21 /* InfoPlist.strings */,
			);
			name = "Supporting Files";
			sourceTree = "<group>";
		};
/* End PBXGroup section */

/* Begin PBXNativeTarget section */
		D21421B81925278400C7CF21 /* Vamos */ = {
			isa = PBXNativeTarget;
			buildConfigurationList = D21421EE1925278400C7CF21 /* Build configuration list for PBXNativeTarget "Vamos" */;
			buildPhases = (
				D21421B51925278400C7CF21 /* Sources */,
				D21421B61925278400C7CF21 /* Frameworks */,
				D21421B71925278400C7CF21 /* Resources */,
			);
			buildRules = (
			);
			dependencies = (
			);
			name = Vamos;
			productName = Vamos;
			productReference = D21421B91925278400C7CF21 /* Vamos.app */;
			productType = "com.apple.product-type.application";
		};
		D21421DC1925278400C7CF21 /* VamosTests */ = {
			isa = PBXNativeTarget;
			buildConfigurationList = D21421F11925278400C7CF21 /* Build configuration list for PBXNativeTarget "VamosTests" */;
			buildPhases = (
				D21421D91925278400C7CF21 /* Sources */,
				D21421DA1925278400C7CF21 /* Frameworks */,
				D21421DB1925278400C7CF21 /* Resources */,
			);
			buildRules = (
			);
			dependencies = (
				D21421E31925278400C7CF21 /* PBXTargetDependency */,
			);
			name = VamosTests;
			productName = VamosTests;
			productReference = D21421DD1925278400C7CF21 /* VamosTests.xctest */;
			productType = "com.apple.product-type.bundle.unit-test";
		};
/* End PBXNativeTarget section */

/* Begin PBXProject section */
		D21421B11925278400C7CF21 /* Project object */ = {
			isa = PBXProject;
			attributes = {
				LastUpgradeCheck = 0510;
				ORGANIZATIONNAME = "Scott Brugmans";
				TargetAttributes = {
					D21421DC1925278400C7CF21 = {
						TestTargetID = D21421B81925278400C7CF21;
					};
				};
			};
			buildConfigurationList = D21421B41925278400C7CF21 /* Build configuration list for PBXProject "Vamos" */;
			compatibilityVersion = "Xcode 3.2";
			developmentRegion = English;
			hasScannedForEncodings = 0;
			knownRegions = (
				en,
				Base,
			);
			mainGroup = D21421B01925278400C7CF21;
			productRefGroup = D21421BA1925278400C7CF21 /* Products */;
			projectDirPath = "";
			projectRoot = "";
			targets = (
				D21421B81925278400C7CF21 /* Vamos */,
				D21421DC1925278400C7CF21 /* VamosTests */,
			);
		};
/* End PBXProject section */

/* Begin PBXResourcesBuildPhase section */
		D21421B71925278400C7CF21 /* Resources */ = {
			isa = PBXResourcesBuildPhase;
			buildActionMask = 2147483647;
			files = (
				D21421D81925278400C7CF21 /* Images.xcassets in Resources */,
				D21421C71925278400C7CF21 /* InfoPlist.strings in Resources */,
				D21421D01925278400C7CF21 /* Main.storyboard in Resources */,
			);
			runOnlyForDeploymentPostprocessing = 0;
		};
		D21421DB1925278400C7CF21 /* Resources */ = {
			isa = PBXResourcesBuildPhase;
			buildActionMask = 2147483647;
			files = (
				D21421E91925278400C7CF21 /* InfoPlist.strings in Resources */,
			);
			runOnlyForDeploymentPostprocessing = 0;
		};
/* End PBXResourcesBuildPhase section */

/* Begin PBXSourcesBuildPhase section */
		D21421B51925278400C7CF21 /* Sources */ = {
			isa = PBXSourcesBuildPhase;
			buildActionMask = 2147483647;
			files = (
				D21421CD1925278400C7CF21 /* AppDelegate.m in Sources */,
				D21421FF19252D2B00C7CF21 /* MainTabBarController.m in Sources */,
				D21421F6192527A200C7CF21 /* BalloonListTableViewController.m in Sources */,
				0C84DC261925618800FB5D7F /* CustomButton.m in Sources */,
				D21422181925545300C7CF21 /* StartViewController.m in Sources */,
				D21421F91925283D00C7CF21 /* NewBalloonTableViewController.m in Sources */,
				D21421C91925278400C7CF21 /* main.m in Sources */,
				0CDB53E9192651BA002A2E02 /* AnimatieControllerViewController.m in Sources */,
				D2AED2091925780900713526 /* ViewExistingBalloonTableViewController.m in Sources */,
			);
			runOnlyForDeploymentPostprocessing = 0;
		};
		D21421D91925278400C7CF21 /* Sources */ = {
			isa = PBXSourcesBuildPhase;
			buildActionMask = 2147483647;
			files = (
				D21421EB1925278400C7CF21 /* VamosTests.m in Sources */,
			);
			runOnlyForDeploymentPostprocessing = 0;
		};
/* End PBXSourcesBuildPhase section */

/* Begin PBXTargetDependency section */
		D21421E31925278400C7CF21 /* PBXTargetDependency */ = {
			isa = PBXTargetDependency;
			target = D21421B81925278400C7CF21 /* Vamos */;
			targetProxy = D21421E21925278400C7CF21 /* PBXContainerItemProxy */;
		};
/* End PBXTargetDependency section */

/* Begin PBXVariantGroup section */
		D21421C51925278400C7CF21 /* InfoPlist.strings */ = {
			isa = PBXVariantGroup;
			children = (
				D21421C61925278400C7CF21 /* en */,
			);
			name = InfoPlist.strings;
			sourceTree = "<group>";
		};
		D21421CE1925278400C7CF21 /* Main.storyboard */ = {
			isa = PBXVariantGroup;
			children = (
				D21421CF1925278400C7CF21 /* Base */,
			);
			name = Main.storyboard;
			sourceTree = "<group>";
		};
		D21421E71925278400C7CF21 /* InfoPlist.strings */ = {
			isa = PBXVariantGroup;
			children = (
				D21421E81925278400C7CF21 /* en */,
			);
			name = InfoPlist.strings;
			sourceTree = "<group>";
		};
/* End PBXVariantGroup section */

/* Begin XCBuildConfiguration section */
		D21421EC1925278400C7CF21 /* Debug */ = {
			isa = XCBuildConfiguration;
			buildSettings = {
				ALWAYS_SEARCH_USER_PATHS = NO;
				CLANG_CXX_LANGUAGE_STANDARD = "gnu++0x";
				CLANG_CXX_LIBRARY = "libc++";
				CLANG_ENABLE_MODULES = YES;
				CLANG_ENABLE_OBJC_ARC = YES;
				CLANG_WARN_BOOL_CONVERSION = YES;
				CLANG_WARN_CONSTANT_CONVERSION = YES;
				CLANG_WARN_DIRECT_OBJC_ISA_USAGE = YES_ERROR;
				CLANG_WARN_EMPTY_BODY = YES;
				CLANG_WARN_ENUM_CONVERSION = YES;
				CLANG_WARN_INT_CONVERSION = YES;
				CLANG_WARN_OBJC_ROOT_CLASS = YES_ERROR;
				CLANG_WARN__DUPLICATE_METHOD_MATCH = YES;
				"CODE_SIGN_IDENTITY[sdk=iphoneos*]" = "iPhone Developer";
				COPY_PHASE_STRIP = NO;
				GCC_C_LANGUAGE_STANDARD = gnu99;
				GCC_DYNAMIC_NO_PIC = NO;
				GCC_OPTIMIZATION_LEVEL = 0;
				GCC_PREPROCESSOR_DEFINITIONS = (
					"DEBUG=1",
					"$(inherited)",
				);
				GCC_SYMBOLS_PRIVATE_EXTERN = NO;
				GCC_WARN_64_TO_32_BIT_CONVERSION = YES;
				GCC_WARN_ABOUT_RETURN_TYPE = YES_ERROR;
				GCC_WARN_UNDECLARED_SELECTOR = YES;
				GCC_WARN_UNINITIALIZED_AUTOS = YES_AGGRESSIVE;
				GCC_WARN_UNUSED_FUNCTION = YES;
				GCC_WARN_UNUSED_VARIABLE = YES;
				IPHONEOS_DEPLOYMENT_TARGET = 7.1;
				ONLY_ACTIVE_ARCH = YES;
				SDKROOT = iphoneos;
			};
			name = Debug;
		};
		D21421ED1925278400C7CF21 /* Release */ = {
			isa = XCBuildConfiguration;
			buildSettings = {
				ALWAYS_SEARCH_USER_PATHS = NO;
				CLANG_CXX_LANGUAGE_STANDARD = "gnu++0x";
				CLANG_CXX_LIBRARY = "libc++";
				CLANG_ENABLE_MODULES = YES;
				CLANG_ENABLE_OBJC_ARC = YES;
				CLANG_WARN_BOOL_CONVERSION = YES;
				CLANG_WARN_CONSTANT_CONVERSION = YES;
				CLANG_WARN_DIRECT_OBJC_ISA_USAGE = YES_ERROR;
				CLANG_WARN_EMPTY_BODY = YES;
				CLANG_WARN_ENUM_CONVERSION = YES;
				CLANG_WARN_INT_CONVERSION = YES;
				CLANG_WARN_OBJC_ROOT_CLASS = YES_ERROR;
				CLANG_WARN__DUPLICATE_METHOD_MATCH = YES;
				"CODE_SIGN_IDENTITY[sdk=iphoneos*]" = "iPhone Developer";
				COPY_PHASE_STRIP = YES;
				ENABLE_NS_ASSERTIONS = NO;
				GCC_C_LANGUAGE_STANDARD = gnu99;
				GCC_WARN_64_TO_32_BIT_CONVERSION = YES;
				GCC_WARN_ABOUT_RETURN_TYPE = YES_ERROR;
				GCC_WARN_UNDECLARED_SELECTOR = YES;
				GCC_WARN_UNINITIALIZED_AUTOS = YES_AGGRESSIVE;
				GCC_WARN_UNUSED_FUNCTION = YES;
				GCC_WARN_UNUSED_VARIABLE = YES;
				IPHONEOS_DEPLOYMENT_TARGET = 7.1;
				SDKROOT = iphoneos;
				VALIDATE_PRODUCT = YES;
			};
			name = Release;
		};
		D21421EF1925278400C7CF21 /* Debug */ = {
			isa = XCBuildConfiguration;
			buildSettings = {
				ASSETCATALOG_COMPILER_APPICON_NAME = AppIcon;
				ASSETCATALOG_COMPILER_LAUNCHIMAGE_NAME = LaunchImage;
				FRAMEWORK_SEARCH_PATHS = (
					"$(inherited)",
					"$(PROJECT_DIR)",
				);
				GCC_PRECOMPILE_PREFIX_HEADER = YES;
				GCC_PREFIX_HEADER = "Vamos/Vamos-Prefix.pch";
				INFOPLIST_FILE = "Vamos/Vamos-Info.plist";
				PRODUCT_NAME = "$(TARGET_NAME)";
				WRAPPER_EXTENSION = app;
			};
			name = Debug;
		};
		D21421F01925278400C7CF21 /* Release */ = {
			isa = XCBuildConfiguration;
			buildSettings = {
				ASSETCATALOG_COMPILER_APPICON_NAME = AppIcon;
				ASSETCATALOG_COMPILER_LAUNCHIMAGE_NAME = LaunchImage;
				FRAMEWORK_SEARCH_PATHS = (
					"$(inherited)",
					"$(PROJECT_DIR)",
				);
				GCC_PRECOMPILE_PREFIX_HEADER = YES;
				GCC_PREFIX_HEADER = "Vamos/Vamos-Prefix.pch";
				INFOPLIST_FILE = "Vamos/Vamos-Info.plist";
				PRODUCT_NAME = "$(TARGET_NAME)";
				WRAPPER_EXTENSION = app;
			};
			name = Release;
		};
		D21421F21925278400C7CF21 /* Debug */ = {
			isa = XCBuildConfiguration;
			buildSettings = {
				BUNDLE_LOADER = "$(BUILT_PRODUCTS_DIR)/Vamos.app/Vamos";
				FRAMEWORK_SEARCH_PATHS = (
					"$(SDKROOT)/Developer/Library/Frameworks",
					"$(inherited)",
					"$(DEVELOPER_FRAMEWORKS_DIR)",
				);
				GCC_PRECOMPILE_PREFIX_HEADER = YES;
				GCC_PREFIX_HEADER = "Vamos/Vamos-Prefix.pch";
				GCC_PREPROCESSOR_DEFINITIONS = (
					"DEBUG=1",
					"$(inherited)",
				);
				INFOPLIST_FILE = "VamosTests/VamosTests-Info.plist";
				PRODUCT_NAME = "$(TARGET_NAME)";
				TEST_HOST = "$(BUNDLE_LOADER)";
				WRAPPER_EXTENSION = xctest;
			};
			name = Debug;
		};
		D21421F31925278400C7CF21 /* Release */ = {
			isa = XCBuildConfiguration;
			buildSettings = {
				BUNDLE_LOADER = "$(BUILT_PRODUCTS_DIR)/Vamos.app/Vamos";
				FRAMEWORK_SEARCH_PATHS = (
					"$(SDKROOT)/Developer/Library/Frameworks",
					"$(inherited)",
					"$(DEVELOPER_FRAMEWORKS_DIR)",
				);
				GCC_PRECOMPILE_PREFIX_HEADER = YES;
				GCC_PREFIX_HEADER = "Vamos/Vamos-Prefix.pch";
				INFOPLIST_FILE = "VamosTests/VamosTests-Info.plist";
				PRODUCT_NAME = "$(TARGET_NAME)";
				TEST_HOST = "$(BUNDLE_LOADER)";
				WRAPPER_EXTENSION = xctest;
			};
			name = Release;
		};
/* End XCBuildConfiguration section */

/* Begin XCConfigurationList section */
		D21421B41925278400C7CF21 /* Build configuration list for PBXProject "Vamos" */ = {
			isa = XCConfigurationList;
			buildConfigurations = (
				D21421EC1925278400C7CF21 /* Debug */,
				D21421ED1925278400C7CF21 /* Release */,
			);
			defaultConfigurationIsVisible = 0;
			defaultConfigurationName = Release;
		};
		D21421EE1925278400C7CF21 /* Build configuration list for PBXNativeTarget "Vamos" */ = {
			isa = XCConfigurationList;
			buildConfigurations = (
				D21421EF1925278400C7CF21 /* Debug */,
				D21421F01925278400C7CF21 /* Release */,
			);
			defaultConfigurationIsVisible = 0;
			defaultConfigurationName = Release;
		};
		D21421F11925278400C7CF21 /* Build configuration list for PBXNativeTarget "VamosTests" */ = {
			isa = XCConfigurationList;
			buildConfigurations = (
				D21421F21925278400C7CF21 /* Debug */,
				D21421F31925278400C7CF21 /* Release */,
			);
			defaultConfigurationIsVisible = 0;
			defaultConfigurationName = Release;
		};
/* End XCConfigurationList section */
	};
	rootObject = D21421B11925278400C7CF21 /* Project object */;
}
